
Microsoft Visual Studio Solution File, Format Version 12.00
# Visual Studio Version 16
VisualStudioVersion = 16.0.30011.22
MinimumVisualStudioVersion = 10.0.40219.1
Project("{FAE04EC0-301F-11D3-BF4B-00C04F79EFBC}") = "LinkedListPractice", "..\LinkedList\LinkedListPractice.csproj", "{17258E9F-3A74-4098-90E0-366C03C19A3B}"
EndProject
Project("{FAE04EC0-301F-11D3-BF4B-00C04F79EFBC}") = "LinkedListPracticeTest", "..\LinkedListPracticeTest\LinkedListPracticeTest.csproj", "{F510BDF6-45A2-4589-AB78-F27A96432365}"
	ProjectSection(ProjectDependencies) = postProject
		{17258E9F-3A74-4098-90E0-366C03C19A3B} = {17258E9F-3A74-4098-90E0-366C03C19A3B}
	EndProjectSection
EndProject
Project("{FAE04EC0-301F-11D3-BF4B-00C04F79EFBC}") = "StackPractice", "Stack\StackPractice.csproj", "{FA391350-8B81-41C9-B429-53A9FF77B70F}"
	ProjectSection(ProjectDependencies) = postProject
		{17258E9F-3A74-4098-90E0-366C03C19A3B} = {17258E9F-3A74-4098-90E0-366C03C19A3B}
	EndProjectSection
EndProject
Project("{FAE04EC0-301F-11D3-BF4B-00C04F79EFBC}") = "QueuePractice", "Queue\QueuePractice.csproj", "{114F8F0E-288B-4025-8664-1B804B993115}"
	ProjectSection(ProjectDependencies) = postProject
		{17258E9F-3A74-4098-90E0-366C03C19A3B} = {17258E9F-3A74-4098-90E0-366C03C19A3B}
	EndProjectSection
EndProject
Project("{FAE04EC0-301F-11D3-BF4B-00C04F79EFBC}") = "BinaryTreePractice", "BinaryTree\BinaryTreePractice.csproj", "{B8D553CC-7B2A-477E-847A-40E976BDD0FB}"
EndProject
Project("{FAE04EC0-301F-11D3-BF4B-00C04F79EFBC}") = "BinaryTreeTest", "BinaryTreeTest\BinaryTreeTest.csproj", "{2EA320A5-A6FA-4F04-8A5D-DC96EA2B103F}"
	ProjectSection(ProjectDependencies) = postProject
		{B8D553CC-7B2A-477E-847A-40E976BDD0FB} = {B8D553CC-7B2A-477E-847A-40E976BDD0FB}
	EndProjectSection
EndProject
Project("{FAE04EC0-301F-11D3-BF4B-00C04F79EFBC}") = "HashTablePractice", "HashTablePractice\HashTablePractice.csproj", "{323BD149-E7D5-4EC0-A4FF-82B64B5EE9EB}"
EndProject
Project("{FAE04EC0-301F-11D3-BF4B-00C04F79EFBC}") = "HashTableTesting", "HashTableTesting\HashTableTesting.csproj", "{7E35308A-8D58-402E-BCA1-6AA5F07AA94D}"
EndProject
Project("{FAE04EC0-301F-11D3-BF4B-00C04F79EFBC}") = "HeapPractice", "HeapPractice\HeapPractice.csproj", "{F2251FC4-7D39-4211-8983-E426374CB576}"
EndProject
Project("{2150E333-8FDC-42A3-9474-1A3956D46DE8}") = "Data Structures", "Data Structures", "{63178579-7D72-495B-A4A6-FABE923E5C5A}"
EndProject
Project("{2150E333-8FDC-42A3-9474-1A3956D46DE8}") = "Unit Tests For Data Structures", "Unit Tests For Data Structures", "{1BA847B6-C1B5-4A82-93D8-31C920F05229}"
EndProject
Project("{FAE04EC0-301F-11D3-BF4B-00C04F79EFBC}") = "StackTesting", "StackTesting\StackTesting.csproj", "{B4F1E796-CC7C-4747-8825-445810636203}"
	ProjectSection(ProjectDependencies) = postProject
		{FA391350-8B81-41C9-B429-53A9FF77B70F} = {FA391350-8B81-41C9-B429-53A9FF77B70F}
		{17258E9F-3A74-4098-90E0-366C03C19A3B} = {17258E9F-3A74-4098-90E0-366C03C19A3B}
	EndProjectSection
EndProject
Project("{FAE04EC0-301F-11D3-BF4B-00C04F79EFBC}") = "QueueTesting", "QueueImplementationTesting\QueueTesting.csproj", "{0F2E52F7-A846-4F94-A7DB-F7C353C1A424}"
	ProjectSection(ProjectDependencies) = postProject
		{114F8F0E-288B-4025-8664-1B804B993115} = {114F8F0E-288B-4025-8664-1B804B993115}
		{17258E9F-3A74-4098-90E0-366C03C19A3B} = {17258E9F-3A74-4098-90E0-366C03C19A3B}
	EndProjectSection
EndProject
Global
	GlobalSection(SolutionConfigurationPlatforms) = preSolution
		Debug|Any CPU = Debug|Any CPU
		Release|Any CPU = Release|Any CPU
	EndGlobalSection
	GlobalSection(ProjectConfigurationPlatforms) = postSolution
		{17258E9F-3A74-4098-90E0-366C03C19A3B}.Debug|Any CPU.ActiveCfg = Debug|Any CPU
		{17258E9F-3A74-4098-90E0-366C03C19A3B}.Debug|Any CPU.Build.0 = Debug|Any CPU
		{17258E9F-3A74-4098-90E0-366C03C19A3B}.Release|Any CPU.ActiveCfg = Release|Any CPU
		{17258E9F-3A74-4098-90E0-366C03C19A3B}.Release|Any CPU.Build.0 = Release|Any CPU
		{F510BDF6-45A2-4589-AB78-F27A96432365}.Debug|Any CPU.ActiveCfg = Debug|Any CPU
		{F510BDF6-45A2-4589-AB78-F27A96432365}.Debug|Any CPU.Build.0 = Debug|Any CPU
		{F510BDF6-45A2-4589-AB78-F27A96432365}.Release|Any CPU.ActiveCfg = Release|Any CPU
		{F510BDF6-45A2-4589-AB78-F27A96432365}.Release|Any CPU.Build.0 = Release|Any CPU
		{FA391350-8B81-41C9-B429-53A9FF77B70F}.Debug|Any CPU.ActiveCfg = Debug|Any CPU
		{FA391350-8B81-41C9-B429-53A9FF77B70F}.Debug|Any CPU.Build.0 = Debug|Any CPU
		{FA391350-8B81-41C9-B429-53A9FF77B70F}.Release|Any CPU.ActiveCfg = Release|Any CPU
		{FA391350-8B81-41C9-B429-53A9FF77B70F}.Release|Any CPU.Build.0 = Release|Any CPU
		{114F8F0E-288B-4025-8664-1B804B993115}.Debug|Any CPU.ActiveCfg = Debug|Any CPU
		{114F8F0E-288B-4025-8664-1B804B993115}.Debug|Any CPU.Build.0 = Debug|Any CPU
		{114F8F0E-288B-4025-8664-1B804B993115}.Release|Any CPU.ActiveCfg = Release|Any CPU
		{114F8F0E-288B-4025-8664-1B804B993115}.Release|Any CPU.Build.0 = Release|Any CPU
		{B8D553CC-7B2A-477E-847A-40E976BDD0FB}.Debug|Any CPU.ActiveCfg = Debug|Any CPU
		{B8D553CC-7B2A-477E-847A-40E976BDD0FB}.Debug|Any CPU.Build.0 = Debug|Any CPU
		{B8D553CC-7B2A-477E-847A-40E976BDD0FB}.Release|Any CPU.ActiveCfg = Release|Any CPU
		{B8D553CC-7B2A-477E-847A-40E976BDD0FB}.Release|Any CPU.Build.0 = Release|Any CPU
		{2EA320A5-A6FA-4F04-8A5D-DC96EA2B103F}.Debug|Any CPU.ActiveCfg = Debug|Any CPU
		{2EA320A5-A6FA-4F04-8A5D-DC96EA2B103F}.Debug|Any CPU.Build.0 = Debug|Any CPU
		{2EA320A5-A6FA-4F04-8A5D-DC96EA2B103F}.Release|Any CPU.ActiveCfg = Release|Any CPU
		{2EA320A5-A6FA-4F04-8A5D-DC96EA2B103F}.Release|Any CPU.Build.0 = Release|Any CPU
		{323BD149-E7D5-4EC0-A4FF-82B64B5EE9EB}.Debug|Any CPU.ActiveCfg = Debug|Any CPU
		{323BD149-E7D5-4EC0-A4FF-82B64B5EE9EB}.Debug|Any CPU.Build.0 = Debug|Any CPU
		{323BD149-E7D5-4EC0-A4FF-82B64B5EE9EB}.Release|Any CPU.ActiveCfg = Release|Any CPU
		{323BD149-E7D5-4EC0-A4FF-82B64B5EE9EB}.Release|Any CPU.Build.0 = Release|Any CPU
		{7E35308A-8D58-402E-BCA1-6AA5F07AA94D}.Debug|Any CPU.ActiveCfg = Debug|Any CPU
		{7E35308A-8D58-402E-BCA1-6AA5F07AA94D}.Debug|Any CPU.Build.0 = Debug|Any CPU
		{7E35308A-8D58-402E-BCA1-6AA5F07AA94D}.Release|Any CPU.ActiveCfg = Release|Any CPU
		{7E35308A-8D58-402E-BCA1-6AA5F07AA94D}.Release|Any CPU.Build.0 = Release|Any CPU
		{F2251FC4-7D39-4211-8983-E426374CB576}.Debug|Any CPU.ActiveCfg = Debug|Any CPU
		{F2251FC4-7D39-4211-8983-E426374CB576}.Debug|Any CPU.Build.0 = Debug|Any CPU
		{F2251FC4-7D39-4211-8983-E426374CB576}.Release|Any CPU.ActiveCfg = Release|Any CPU
		{F2251FC4-7D39-4211-8983-E426374CB576}.Release|Any CPU.Build.0 = Release|Any CPU
		{B4F1E796-CC7C-4747-8825-445810636203}.Debug|Any CPU.ActiveCfg = Debug|Any CPU
		{B4F1E796-CC7C-4747-8825-445810636203}.Debug|Any CPU.Build.0 = Debug|Any CPU
		{B4F1E796-CC7C-4747-8825-445810636203}.Release|Any CPU.ActiveCfg = Release|Any CPU
		{B4F1E796-CC7C-4747-8825-445810636203}.Release|Any CPU.Build.0 = Release|Any CPU
		{0F2E52F7-A846-4F94-A7DB-F7C353C1A424}.Debug|Any CPU.ActiveCfg = Debug|Any CPU
		{0F2E52F7-A846-4F94-A7DB-F7C353C1A424}.Debug|Any CPU.Build.0 = Debug|Any CPU
		{0F2E52F7-A846-4F94-A7DB-F7C353C1A424}.Release|Any CPU.ActiveCfg = Release|Any CPU
		{0F2E52F7-A846-4F94-A7DB-F7C353C1A424}.Release|Any CPU.Build.0 = Release|Any CPU
	EndGlobalSection
	GlobalSection(SolutionProperties) = preSolution
		HideSolutionNode = FALSE
	EndGlobalSection
	GlobalSection(NestedProjects) = preSolution
		{17258E9F-3A74-4098-90E0-366C03C19A3B} = {63178579-7D72-495B-A4A6-FABE923E5C5A}
		{F510BDF6-45A2-4589-AB78-F27A96432365} = {1BA847B6-C1B5-4A82-93D8-31C920F05229}
		{FA391350-8B81-41C9-B429-53A9FF77B70F} = {63178579-7D72-495B-A4A6-FABE923E5C5A}
		{114F8F0E-288B-4025-8664-1B804B993115} = {63178579-7D72-495B-A4A6-FABE923E5C5A}
		{B8D553CC-7B2A-477E-847A-40E976BDD0FB} = {63178579-7D72-495B-A4A6-FABE923E5C5A}
		{2EA320A5-A6FA-4F04-8A5D-DC96EA2B103F} = {1BA847B6-C1B5-4A82-93D8-31C920F05229}
		{323BD149-E7D5-4EC0-A4FF-82B64B5EE9EB} = {63178579-7D72-495B-A4A6-FABE923E5C5A}
		{7E35308A-8D58-402E-BCA1-6AA5F07AA94D} = {1BA847B6-C1B5-4A82-93D8-31C920F05229}
		{F2251FC4-7D39-4211-8983-E426374CB576} = {63178579-7D72-495B-A4A6-FABE923E5C5A}
		{B4F1E796-CC7C-4747-8825-445810636203} = {1BA847B6-C1B5-4A82-93D8-31C920F05229}
		{0F2E52F7-A846-4F94-A7DB-F7C353C1A424} = {1BA847B6-C1B5-4A82-93D8-31C920F05229}
	EndGlobalSection
	GlobalSection(ExtensibilityGlobals) = postSolution
		SolutionGuid = {2EB14EFC-F5B8-42DF-AA04-2B8E734C802C}
	EndGlobalSection
EndGlobal
